
Microsoft Visual Studio Solution File, Format Version 12.00
# Visual Studio Version 17
VisualStudioVersion = 17.8.34330.188
MinimumVisualStudioVersion = 10.0.40219.1
Project("{FAE04EC0-301F-11D3-BF4B-00C04F79EFBC}") = "bai 2", "bai 2\bai 2.csproj", "{02BC8677-257E-40E2-86D7-8430C2FA8E7F}"
EndProject
Project("{FAE04EC0-301F-11D3-BF4B-00C04F79EFBC}") = "bai3", "bai3\bai3.csproj", "{422E52A6-8C2F-4A93-85C1-0C5C3961C667}"
EndProject
Global
	GlobalSection(SolutionConfigurationPlatforms) = preSolution
		Debug|Any CPU = Debug|Any CPU
		Release|Any CPU = Release|Any CPU
	EndGlobalSection
	GlobalSection(ProjectConfigurationPlatforms) = postSolution
		{02BC8677-257E-40E2-86D7-8430C2FA8E7F}.Debug|Any CPU.ActiveCfg = Debug|Any CPU
		{02BC8677-257E-40E2-86D7-8430C2FA8E7F}.Debug|Any CPU.Build.0 = Debug|Any CPU
		{02BC8677-257E-40E2-86D7-8430C2FA8E7F}.Release|Any CPU.ActiveCfg = Release|Any CPU
		{02BC8677-257E-40E2-86D7-8430C2FA8E7F}.Release|Any CPU.Build.0 = Release|Any CPU
		{422E52A6-8C2F-4A93-85C1-0C5C3961C667}.Debug|Any CPU.ActiveCfg = Debug|Any CPU
		{422E52A6-8C2F-4A93-85C1-0C5C3961C667}.Debug|Any CPU.Build.0 = Debug|Any CPU
		{422E52A6-8C2F-4A93-85C1-0C5C3961C667}.Release|Any CPU.ActiveCfg = Release|Any CPU
		{422E52A6-8C2F-4A93-85C1-0C5C3961C667}.Release|Any CPU.Build.0 = Release|Any CPU
	EndGlobalSection
	GlobalSection(SolutionProperties) = preSolution
		HideSolutionNode = FALSE
	EndGlobalSection
	GlobalSection(ExtensibilityGlobals) = postSolution
		SolutionGuid = {4AA41F7D-9255-4688-895A-A12AD88990D4}
	EndGlobalSection
EndGlobal
